
Microsoft Visual Studio Solution File, Format Version 12.00
# Visual Studio 2012
Project("{FAE04EC0-301F-11D3-BF4B-00C04F79EFBC}") = "TableViewUtils", "TableViewUtils\TableViewUtils.csproj", "{A06F91AD-0294-40D8-B262-E8F684A28478}"
EndProject
Project("{FAE04EC0-301F-11D3-BF4B-00C04F79EFBC}") = "RecyclerViewUtils", "RecyclerViewUtils\RecyclerViewUtils.csproj", "{C51F29CE-95EA-4005-A115-CC0A69B3CB7C}"
EndProject
Global
	GlobalSection(SolutionConfigurationPlatforms) = preSolution
		Debug|Any CPU = Debug|Any CPU
		Release|Any CPU = Release|Any CPU
	EndGlobalSection
	GlobalSection(ProjectConfigurationPlatforms) = postSolution
		{A06F91AD-0294-40D8-B262-E8F684A28478}.Debug|Any CPU.ActiveCfg = Debug|Any CPU
		{A06F91AD-0294-40D8-B262-E8F684A28478}.Debug|Any CPU.Build.0 = Debug|Any CPU
		{A06F91AD-0294-40D8-B262-E8F684A28478}.Release|Any CPU.ActiveCfg = Release|Any CPU
		{A06F91AD-0294-40D8-B262-E8F684A28478}.Release|Any CPU.Build.0 = Release|Any CPU
		{C51F29CE-95EA-4005-A115-CC0A69B3CB7C}.Debug|Any CPU.ActiveCfg = Debug|Any CPU
		{C51F29CE-95EA-4005-A115-CC0A69B3CB7C}.Debug|Any CPU.Build.0 = Debug|Any CPU
		{C51F29CE-95EA-4005-A115-CC0A69B3CB7C}.Release|Any CPU.ActiveCfg = Release|Any CPU
		{C51F29CE-95EA-4005-A115-CC0A69B3CB7C}.Release|Any CPU.Build.0 = Release|Any CPU
	EndGlobalSection
EndGlobal
